
Microsoft Visual Studio Solution File, Format Version 12.00
# Visual Studio Version 17
VisualStudioVersion = 17.8.34408.163
MinimumVisualStudioVersion = 10.0.40219.1
Project("{9A19103F-16F7-4668-BE54-9A1E7A4F7556}") = "ToolRental.Web", "ToolRental.Web.csproj", "{449ABFDF-75DC-4E68-AA2D-6EE9CDCADA60}"
EndProject
Project("{9A19103F-16F7-4668-BE54-9A1E7A4F7556}") = "ToolRental.Infrastructure", "..\ToolRental.Data\ToolRental.Infrastructure.csproj", "{1A98257D-557C-44AE-B7A8-FD27691CE302}"
EndProject
Project("{9A19103F-16F7-4668-BE54-9A1E7A4F7556}") = "ToolRental.Application", "..\ToolRental.Services\ToolRental.Application.csproj", "{8E93F551-A542-43F6-868D-B63EE82795BB}"
	ProjectSection(ProjectDependencies) = postProject
		{1A98257D-557C-44AE-B7A8-FD27691CE302} = {1A98257D-557C-44AE-B7A8-FD27691CE302}
	EndProjectSection
EndProject
Project("{FAE04EC0-301F-11D3-BF4B-00C04F79EFBC}") = "Toolental.Domain", "..\Toolental.Domain\Toolental.Domain.csproj", "{17B11B49-E833-4602-A426-F9AE4FF5415D}"
EndProject
Global
	GlobalSection(SolutionConfigurationPlatforms) = preSolution
		Debug|Any CPU = Debug|Any CPU
		Release|Any CPU = Release|Any CPU
	EndGlobalSection
	GlobalSection(ProjectConfigurationPlatforms) = postSolution
		{449ABFDF-75DC-4E68-AA2D-6EE9CDCADA60}.Debug|Any CPU.ActiveCfg = Debug|Any CPU
		{449ABFDF-75DC-4E68-AA2D-6EE9CDCADA60}.Debug|Any CPU.Build.0 = Debug|Any CPU
		{449ABFDF-75DC-4E68-AA2D-6EE9CDCADA60}.Release|Any CPU.ActiveCfg = Release|Any CPU
		{449ABFDF-75DC-4E68-AA2D-6EE9CDCADA60}.Release|Any CPU.Build.0 = Release|Any CPU
		{1A98257D-557C-44AE-B7A8-FD27691CE302}.Debug|Any CPU.ActiveCfg = Debug|Any CPU
		{1A98257D-557C-44AE-B7A8-FD27691CE302}.Debug|Any CPU.Build.0 = Debug|Any CPU
		{1A98257D-557C-44AE-B7A8-FD27691CE302}.Release|Any CPU.ActiveCfg = Release|Any CPU
		{1A98257D-557C-44AE-B7A8-FD27691CE302}.Release|Any CPU.Build.0 = Release|Any CPU
		{8E93F551-A542-43F6-868D-B63EE82795BB}.Debug|Any CPU.ActiveCfg = Debug|Any CPU
		{8E93F551-A542-43F6-868D-B63EE82795BB}.Debug|Any CPU.Build.0 = Debug|Any CPU
		{8E93F551-A542-43F6-868D-B63EE82795BB}.Release|Any CPU.ActiveCfg = Release|Any CPU
		{8E93F551-A542-43F6-868D-B63EE82795BB}.Release|Any CPU.Build.0 = Release|Any CPU
		{17B11B49-E833-4602-A426-F9AE4FF5415D}.Debug|Any CPU.ActiveCfg = Debug|Any CPU
		{17B11B49-E833-4602-A426-F9AE4FF5415D}.Debug|Any CPU.Build.0 = Debug|Any CPU
		{17B11B49-E833-4602-A426-F9AE4FF5415D}.Release|Any CPU.ActiveCfg = Release|Any CPU
		{17B11B49-E833-4602-A426-F9AE4FF5415D}.Release|Any CPU.Build.0 = Release|Any CPU
	EndGlobalSection
	GlobalSection(SolutionProperties) = preSolution
		HideSolutionNode = FALSE
	EndGlobalSection
	GlobalSection(ExtensibilityGlobals) = postSolution
		SolutionGuid = {1CFB560E-B7C8-45F2-8C57-BCEDE93331D9}
	EndGlobalSection
EndGlobal
